// !$*UTF8*$!
{
	archiveVersion = 1;
	classes = {
	};
	objectVersion = 46;
	objects = {

/* Begin PBXBuildFile section */
		8313EFC81E5CC1C6000B35FE /* TableViewCellWithIcon.swift in Sources */ = {isa = PBXBuildFile; fileRef = 8313EFC71E5CC1C6000B35FE /* TableViewCellWithIcon.swift */; };
		8313EFCA1E5CC205000B35FE /* TableViewCellWithoutIcon.swift in Sources */ = {isa = PBXBuildFile; fileRef = 8313EFC91E5CC205000B35FE /* TableViewCellWithoutIcon.swift */; };
		834B14ED1E5BAFFC00E7D740 /* TableViewController.swift in Sources */ = {isa = PBXBuildFile; fileRef = 834B14EC1E5BAFFC00E7D740 /* TableViewController.swift */; };
		8397C0991E5B9BE7000EE522 /* AppDelegate.swift in Sources */ = {isa = PBXBuildFile; fileRef = 8397C0981E5B9BE7000EE522 /* AppDelegate.swift */; };
		8397C09E1E5B9BE7000EE522 /* Main.storyboard in Resources */ = {isa = PBXBuildFile; fileRef = 8397C09C1E5B9BE7000EE522 /* Main.storyboard */; };
		8397C0A01E5B9BE7000EE522 /* Assets.xcassets in Resources */ = {isa = PBXBuildFile; fileRef = 8397C09F1E5B9BE7000EE522 /* Assets.xcassets */; };
		8397C0A31E5B9BE7000EE522 /* LaunchScreen.storyboard in Resources */ = {isa = PBXBuildFile; fileRef = 8397C0A11E5B9BE7000EE522 /* LaunchScreen.storyboard */; };
		83ED7D011E5E08A6006FD468 /* ViewController.swift in Sources */ = {isa = PBXBuildFile; fileRef = 83ED7D001E5E08A6006FD468 /* ViewController.swift */; };
/* End PBXBuildFile section */

/* Begin PBXFileReference section */
		8313EFC71E5CC1C6000B35FE /* TableViewCellWithIcon.swift */ = {isa = PBXFileReference; fileEncoding = 4; lastKnownFileType = sourcecode.swift; path = TableViewCellWithIcon.swift; sourceTree = "<group>"; };
		8313EFC91E5CC205000B35FE /* TableViewCellWithoutIcon.swift */ = {isa = PBXFileReference; fileEncoding = 4; lastKnownFileType = sourcecode.swift; path = TableViewCellWithoutIcon.swift; sourceTree = "<group>"; };
		834B14EC1E5BAFFC00E7D740 /* TableViewController.swift */ = {isa = PBXFileReference; fileEncoding = 4; lastKnownFileType = sourcecode.swift; path = TableViewController.swift; sourceTree = "<group>"; };
		8397C0951E5B9BE7000EE522 /* CustomTableCellStarter.app */ = {isa = PBXFileReference; explicitFileType = wrapper.application; includeInIndex = 0; path = CustomTableCellStarter.app; sourceTree = BUILT_PRODUCTS_DIR; };
		8397C0981E5B9BE7000EE522 /* AppDelegate.swift */ = {isa = PBXFileReference; lastKnownFileType = sourcecode.swift; path = AppDelegate.swift; sourceTree = "<group>"; };
		8397C09D1E5B9BE7000EE522 /* Base */ = {isa = PBXFileReference; lastKnownFileType = file.storyboard; name = Base; path = Base.lproj/Main.storyboard; sourceTree = "<group>"; };
		8397C09F1E5B9BE7000EE522 /* Assets.xcassets */ = {isa = PBXFileReference; lastKnownFileType = folder.assetcatalog; path = Assets.xcassets; sourceTree = "<group>"; };
		8397C0A21E5B9BE7000EE522 /* Base */ = {isa = PBXFileReference; lastKnownFileType = file.storyboard; name = Base; path = Base.lproj/LaunchScreen.storyboard; sourceTree = "<group>"; };
		8397C0A41E5B9BE7000EE522 /* Info.plist */ = {isa = PBXFileReference; lastKnownFileType = text.plist.xml; path = Info.plist; sourceTree = "<group>"; };
		83ED7D001E5E08A6006FD468 /* ViewController.swift */ = {isa = PBXFileReference; fileEncoding = 4; lastKnownFileType = sourcecode.swift; path = ViewController.swift; sourceTree = "<group>"; };
/* End PBXFileReference section */

/* Begin PBXFrameworksBuildPhase section */
		8397C0921E5B9BE7000EE522 /* Frameworks */ = {
			isa = PBXFrameworksBuildPhase;
			buildActionMask = 2147483647;
			files = (
			);
			runOnlyForDeploymentPostprocessing = 0;
		};
/* End PBXFrameworksBuildPhase section */

/* Begin PBXGroup section */
		8397C08C1E5B9BE7000EE522 = {
			isa = PBXGroup;
			children = (
				8397C0971E5B9BE7000EE522 /* CustomTableCellStarter */,
				8397C0961E5B9BE7000EE522 /* Products */,
			);
			sourceTree = "<group>";
		};
		8397C0961E5B9BE7000EE522 /* Products */ = {
			isa = PBXGroup;
			children = (
				8397C0951E5B9BE7000EE522 /* CustomTableCellStarter.app */,
			);
			name = Products;
			sourceTree = "<group>";
		};
		8397C0971E5B9BE7000EE522 /* CustomTableCellStarter */ = {
			isa = PBXGroup;
			children = (
				834B14EC1E5BAFFC00E7D740 /* TableViewController.swift */,
				8397C0981E5B9BE7000EE522 /* AppDelegate.swift */,
				8397C09C1E5B9BE7000EE522 /* Main.storyboard */,
				83ED7D001E5E08A6006FD468 /* ViewController.swift */,
				8397C09F1E5B9BE7000EE522 /* Assets.xcassets */,
				8313EFC71E5CC1C6000B35FE /* TableViewCellWithIcon.swift */,
				8313EFC91E5CC205000B35FE /* TableViewCellWithoutIcon.swift */,
				8397C0A11E5B9BE7000EE522 /* LaunchScreen.storyboard */,
				8397C0A41E5B9BE7000EE522 /* Info.plist */,
			);
			path = CustomTableCellStarter;
			sourceTree = "<group>";
		};
/* End PBXGroup section */

/* Begin PBXNativeTarget section */
		8397C0941E5B9BE7000EE522 /* CustomTableCellStarter */ = {
			isa = PBXNativeTarget;
			buildConfigurationList = 8397C0A71E5B9BE7000EE522 /* Build configuration list for PBXNativeTarget "CustomTableCellStarter" */;
			buildPhases = (
				8397C0911E5B9BE7000EE522 /* Sources */,
				8397C0921E5B9BE7000EE522 /* Frameworks */,
				8397C0931E5B9BE7000EE522 /* Resources */,
			);
			buildRules = (
			);
			dependencies = (
			);
			name = CustomTableCellStarter;
			productName = CustomTableCellStarter;
			productReference = 8397C0951E5B9BE7000EE522 /* CustomTableCellStarter.app */;
			productType = "com.apple.product-type.application";
		};
/* End PBXNativeTarget section */

/* Begin PBXProject section */
		8397C08D1E5B9BE7000EE522 /* Project object */ = {
			isa = PBXProject;
			attributes = {
				LastSwiftUpdateCheck = 0820;
				LastUpgradeCheck = 0820;
				ORGANIZATIONNAME = "Chris Chadillon";
				TargetAttributes = {
					8397C0941E5B9BE7000EE522 = {
						CreatedOnToolsVersion = 8.2.1;
						DevelopmentTeam = QYHALUU72H;
						ProvisioningStyle = Automatic;
					};
				};
			};
			buildConfigurationList = 8397C0901E5B9BE7000EE522 /* Build configuration list for PBXProject "CustomTableCellStarter" */;
			compatibilityVersion = "Xcode 3.2";
			developmentRegion = English;
			hasScannedForEncodings = 0;
			knownRegions = (
				en,
				Base,
			);
			mainGroup = 8397C08C1E5B9BE7000EE522;
			productRefGroup = 8397C0961E5B9BE7000EE522 /* Products */;
			projectDirPath = "";
			projectRoot = "";
			targets = (
				8397C0941E5B9BE7000EE522 /* CustomTableCellStarter */,
			);
		};
/* End PBXProject section */

/* Begin PBXResourcesBuildPhase section */
		8397C0931E5B9BE7000EE522 /* Resources */ = {
			isa = PBXResourcesBuildPhase;
			buildActionMask = 2147483647;
			files = (
				8397C0A31E5B9BE7000EE522 /* LaunchScreen.storyboard in Resources */,
				8397C0A01E5B9BE7000EE522 /* Assets.xcassets in Resources */,
				8397C09E1E5B9BE7000EE522 /* Main.storyboard in Resources */,
			);
			runOnlyForDeploymentPostprocessing = 0;
		};
/* End PBXResourcesBuildPhase section */

/* Begin PBXSourcesBuildPhase section */
		8397C0911E5B9BE7000EE522 /* Sources */ = {
			isa = PBXSourcesBuildPhase;
			buildActionMask = 2147483647;
			files = (
				83ED7D011E5E08A6006FD468 /* ViewController.swift in Sources */,
				8313EFC81E5CC1C6000B35FE /* TableViewCellWithIcon.swift in Sources */,
				8313EFCA1E5CC205000B35FE /* TableViewCellWithoutIcon.swift in Sources */,
				834B14ED1E5BAFFC00E7D740 /* TableViewController.swift in Sources */,
				8397C0991E5B9BE7000EE522 /* AppDelegate.swift in Sources */,
			);
			runOnlyForDeploymentPostprocessing = 0;
		};
/* End PBXSourcesBuildPhase section */

/* Begin PBXVariantGroup section */
		8397C09C1E5B9BE7000EE522 /* Main.storyboard */ = {
			isa = PBXVariantGroup;
			children = (
				8397C09D1E5B9BE7000EE522 /* Base */,
			);
			name = Main.storyboard;
			sourceTree = "<group>";
		};
		8397C0A11E5B9BE7000EE522 /* LaunchScreen.storyboard */ = {
			isa = PBXVariantGroup;
			children = (
				8397C0A21E5B9BE7000EE522 /* Base */,
			);
			name = LaunchScreen.storyboard;
			sourceTree = "<group>";
		};
/* End PBXVariantGroup section */

/* Begin XCBuildConfiguration section */
		8397C0A51E5B9BE7000EE522 /* Debug */ = {
			isa = XCBuildConfiguration;
			buildSettings = {
				ALWAYS_SEARCH_USER_PATHS = NO;
				CLANG_ANALYZER_NONNULL = YES;
				CLANG_CXX_LANGUAGE_STANDARD = "gnu++0x";
				CLANG_CXX_LIBRARY = "libc++";
				CLANG_ENABLE_MODULES = YES;
				CLANG_ENABLE_OBJC_ARC = YES;
				CLANG_WARN_BOOL_CONVERSION = YES;
				CLANG_WARN_CONSTANT_CONVERSION = YES;
				CLANG_WARN_DIRECT_OBJC_ISA_USAGE = YES_ERROR;
				CLANG_WARN_DOCUMENTATION_COMMENTS = YES;
				CLANG_WARN_EMPTY_BODY = YES;
				CLANG_WARN_ENUM_CONVERSION = YES;
				CLANG_WARN_INFINITE_RECURSION = YES;
				CLANG_WARN_INT_CONVERSION = YES;
				CLANG_WARN_OBJC_ROOT_CLASS = YES_ERROR;
				CLANG_WARN_SUSPICIOUS_MOVE = YES;
				CLANG_WARN_UNREACHABLE_CODE = YES;
				CLANG_WARN__DUPLICATE_METHOD_MATCH = YES;
				"CODE_SIGN_IDENTITY[sdk=iphoneos*]" = "iPhone Developer";
				COPY_PHASE_STRIP = NO;
				DEBUG_INFORMATION_FORMAT = dwarf;
				ENABLE_STRICT_OBJC_MSGSEND = YES;
				ENABLE_TESTABILITY = YES;
				GCC_C_LANGUAGE_STANDARD = gnu99;
				GCC_DYNAMIC_NO_PIC = NO;
				GCC_NO_COMMON_BLOCKS = YES;
				GCC_OPTIMIZATION_LEVEL = 0;
				GCC_PREPROCESSOR_DEFINITIONS = (
					"DEBUG=1",
					"$(inherited)",
				);
				GCC_WARN_64_TO_32_BIT_CONVERSION = YES;
				GCC_WARN_ABOUT_RETURN_TYPE = YES_ERROR;
				GCC_WARN_UNDECLARED_SELECTOR = YES;
				GCC_WARN_UNINITIALIZED_AUTOS = YES_AGGRESSIVE;
				GCC_WARN_UNUSED_FUNCTION = YES;
				GCC_WARN_UNUSED_VARIABLE = YES;
				IPHONEOS_DEPLOYMENT_TARGET = 10.2;
				MTL_ENABLE_DEBUG_INFO = YES;
				ONLY_ACTIVE_ARCH = YES;
				SDKROOT = iphoneos;
				SWIFT_ACTIVE_COMPILATION_CONDITIONS = DEBUG;
				SWIFT_OPTIMIZATION_LEVEL = "-Onone";
			};
			name = Debug;
		};
		8397C0A61E5B9BE7000EE522 /* Release */ = {
			isa = XCBuildConfiguration;
			buildSettings = {
				ALWAYS_SEARCH_USER_PATHS = NO;
				CLANG_ANALYZER_NONNULL = YES;
				CLANG_CXX_LANGUAGE_STANDARD = "gnu++0x";
				CLANG_CXX_LIBRARY = "libc++";
				CLANG_ENABLE_MODULES = YES;
				CLANG_ENABLE_OBJC_ARC = YES;
				CLANG_WARN_BOOL_CONVERSION = YES;
				CLANG_WARN_CONSTANT_CONVERSION = YES;
				CLANG_WARN_DIRECT_OBJC_ISA_USAGE = YES_ERROR;
				CLANG_WARN_DOCUMENTATION_COMMENTS = YES;
				CLANG_WARN_EMPTY_BODY = YES;
				CLANG_WARN_ENUM_CONVERSION = YES;
				CLANG_WARN_INFINITE_RECURSION = YES;
				CLANG_WARN_INT_CONVERSION = YES;
				CLANG_WARN_OBJC_ROOT_CLASS = YES_ERROR;
				CLANG_WARN_SUSPICIOUS_MOVE = YES;
				CLANG_WARN_UNREACHABLE_CODE = YES;
				CLANG_WARN__DUPLICATE_METHOD_MATCH = YES;
				"CODE_SIGN_IDENTITY[sdk=iphoneos*]" = "iPhone Developer";
				COPY_PHASE_STRIP = NO;
				DEBUG_INFORMATION_FORMAT = "dwarf-with-dsym";
				ENABLE_NS_ASSERTIONS = NO;
				ENABLE_STRICT_OBJC_MSGSEND = YES;
				GCC_C_LANGUAGE_STANDARD = gnu99;
				GCC_NO_COMMON_BLOCKS = YES;
				GCC_WARN_64_TO_32_BIT_CONVERSION = YES;
				GCC_WARN_ABOUT_RETURN_TYPE = YES_ERROR;
				GCC_WARN_UNDECLARED_SELECTOR = YES;
				GCC_WARN_UNINITIALIZED_AUTOS = YES_AGGRESSIVE;
				GCC_WARN_UNUSED_FUNCTION = YES;
				GCC_WARN_UNUSED_VARIABLE = YES;
				IPHONEOS_DEPLOYMENT_TARGET = 10.2;
				MTL_ENABLE_DEBUG_INFO = NO;
				SDKROOT = iphoneos;
				SWIFT_OPTIMIZATION_LEVEL = "-Owholemodule";
				VALIDATE_PRODUCT = YES;
			};
			name = Release;
		};
		8397C0A81E5B9BE7000EE522 /* Debug */ = {
			isa = XCBuildConfiguration;
			buildSettings = {
				ASSETCATALOG_COMPILER_APPICON_NAME = AppIcon;
				DEVELOPMENT_TEAM = QYHALUU72H;
				INFOPLIST_FILE = CustomTableCellStarter/Info.plist;
				LD_RUNPATH_SEARCH_PATHS = "$(inherited) @executable_path/Frameworks";
				PRODUCT_BUNDLE_IDENTIFIER = "com.apps-etc.CustomTableCellStarter";
				PRODUCT_NAME = "$(TARGET_NAME)";
				SWIFT_VERSION = 3.0;
			};
			name = Debug;
		};
		8397C0A91E5B9BE7000EE522 /* Release */ = {
			isa = XCBuildConfiguration;
			buildSettings = {
				ASSETCATALOG_COMPILER_APPICON_NAME = AppIcon;
				DEVELOPMENT_TEAM = QYHALUU72H;
				INFOPLIST_FILE = CustomTableCellStarter/Info.plist;
				LD_RUNPATH_SEARCH_PATHS = "$(inherited) @executable_path/Frameworks";
				PRODUCT_BUNDLE_IDENTIFIER = "com.apps-etc.CustomTableCellStarter";
				PRODUCT_NAME = "$(TARGET_NAME)";
				SWIFT_VERSION = 3.0;
			};
			name = Release;
		};
/* End XCBuildConfiguration section */

/* Begin XCConfigurationList section */
		8397C0901E5B9BE7000EE522 /* Build configuration list for PBXProject "CustomTableCellStarter" */ = {
			isa = XCConfigurationList;
			buildConfigurations = (
				8397C0A51E5B9BE7000EE522 /* Debug */,
				8397C0A61E5B9BE7000EE522 /* Release */,
			);
			defaultConfigurationIsVisible = 0;
			defaultConfigurationName = Release;
		};
		8397C0A71E5B9BE7000EE522 /* Build configuration list for PBXNativeTarget "CustomTableCellStarter" */ = {
			isa = XCConfigurationList;
			buildConfigurations = (
				8397C0A81E5B9BE7000EE522 /* Debug */,
				8397C0A91E5B9BE7000EE522 /* Release */,
			);
			defaultConfigurationIsVisible = 0;
			defaultConfigurationName = Release;
		};
/* End XCConfigurationList section */
	};
	rootObject = 8397C08D1E5B9BE7000EE522 /* Project object */;
}
